Microsoft Visual Studio Solution File, Format Version 12.00
# Visual Studio Version 17
VisualStudioVersion = 17.5.2.0
MinimumVisualStudioVersion = 10.0.40219.1
Project("{FAE04EC0-301F-11D3-BF4B-00C04F79EFBC}") = "KnowledgeBase.Api", "KnowledgeBase.Api\KnowledgeBase.Api.csproj", "{02A4E674-3F12-B8D9-DAC1-FD2ED3EBA809}"
EndProject
Global
	GlobalSection(SolutionConfigurationPlatforms) = preSolution
		Debug|Any CPU = Debug|Any CPU
		Release|Any CPU = Release|Any CPU
	EndGlobalSection
	GlobalSection(ProjectConfigurationPlatforms) = postSolution
		{02A4E674-3F12-B8D9-DAC1-FD2ED3EBA809}.Debug|Any CPU.ActiveCfg = Debug|Any CPU
		{02A4E674-3F12-B8D9-DAC1-FD2ED3EBA809}.Debug|Any CPU.Build.0 = Debug|Any CPU
		{02A4E674-3F12-B8D9-DAC1-FD2ED3EBA809}.Release|Any CPU.ActiveCfg = Release|Any CPU
		{02A4E674-3F12-B8D9-DAC1-FD2ED3EBA809}.Release|Any CPU.Build.0 = Release|Any CPU
	EndGlobalSection
	GlobalSection(SolutionProperties) = preSolution
		HideSolutionNode = FALSE
	EndGlobalSection
	GlobalSection(ExtensibilityGlobals) = postSolution
		SolutionGuid = {88177FE9-51A5-4E60-BA74-1AA93F8C56C1}
	EndGlobalSection
EndGlobal
